NeoBundleLock indentLine 15aceda8c4eea621b66faa8673fca0b9fbe2f457
NeoBundleLock lightline.vim b8976d2e549b417e5d1c1594fb9034b749976cc0
NeoBundleLock neobundle.vim 1306c131ff0a6cc094b7ff0727350e442b5427f1
NeoBundleLock sudo.vim 060f0250d6f399d1cf9b15eaad3d55b3fbad4b0d
NeoBundleLock vim-autoclose a9a3b7384657bc1f60a963fd6c08c63fc48d61c3
